
Microsoft Visual Studio Solution File, Format Version 12.00
# Visual Studio Version 17
VisualStudioVersion = 17.4.33122.133
MinimumVisualStudioVersion = 10.0.40219.1
Project("{FAE04EC0-301F-11D3-BF4B-00C04F79EFBC}") = "TheGame", "TheGame\TheGame.csproj", "{83BCD5AA-2972-48D0-B882-AF0EE1192E32}"
EndProject
Global
	GlobalSection(SolutionConfigurationPlatforms) = preSolution
		Debug|Any CPU = Debug|Any CPU
		Release|Any CPU = Release|Any CPU
	EndGlobalSection
	GlobalSection(ProjectConfigurationPlatforms) = postSolution
		{83BCD5AA-2972-48D0-B882-AF0EE1192E32}.Debug|Any CPU.ActiveCfg = Debug|Any CPU
		{83BCD5AA-2972-48D0-B882-AF0EE1192E32}.Debug|Any CPU.Build.0 = Debug|Any CPU
		{83BCD5AA-2972-48D0-B882-AF0EE1192E32}.Release|Any CPU.ActiveCfg = Release|Any CPU
		{83BCD5AA-2972-48D0-B882-AF0EE1192E32}.Release|Any CPU.Build.0 = Release|Any CPU
	EndGlobalSection
	GlobalSection(SolutionProperties) = preSolution
		HideSolutionNode = FALSE
	EndGlobalSection
	GlobalSection(ExtensibilityGlobals) = postSolution
		SolutionGuid = {B646F56F-2C7A-497E-8412-9D2C3783E44C}
	EndGlobalSection
EndGlobal
